
Microsoft Visual Studio Solution File, Format Version 12.00
# Visual Studio Version 17
VisualStudioVersion = 17.0.31903.59
MinimumVisualStudioVersion = 10.0.40219.1
Project("{FAE04EC0-301F-11D3-BF4B-00C04F79EFBC}") = "MyAIPrompt", "MyAIPrompt\MyAIPrompt.csproj", "{6977A1AE-C749-4937-A23B-76CED1C5BEF0}"
EndProject
Project("{FAE04EC0-301F-11D3-BF4B-00C04F79EFBC}") = "MyAIPrompt.Shared", "MyAIPrompt.Shared\MyAIPrompt.Shared.csproj", "{689E08D0-14D6-4B64-86EB-0BE37FDA0AB1}"
EndProject
Project("{FAE04EC0-301F-11D3-BF4B-00C04F79EFBC}") = "MyAIPrompt.Shared.Blazor", "MyAIPrompt.Shared.Blazor\MyAIPrompt.Shared.Blazor.csproj", "{6DD4F2E8-6325-4A4B-903C-747BD8C66F1D}"
EndProject
Project("{FAE04EC0-301F-11D3-BF4B-00C04F79EFBC}") = "MyAIPrompt.Blazor", "MyAIPrompt.Blazor\MyAIPrompt.Blazor.csproj", "{0D646BDB-B208-4AE3-B55A-4B5B0CFFAD4C}"
EndProject
Global
	GlobalSection(SolutionConfigurationPlatforms) = preSolution
		Debug|Any CPU = Debug|Any CPU
		Debug|x64 = Debug|x64
		Debug|x86 = Debug|x86
		Release|Any CPU = Release|Any CPU
		Release|x64 = Release|x64
		Release|x86 = Release|x86
	EndGlobalSection
	GlobalSection(ProjectConfigurationPlatforms) = postSolution
		{6977A1AE-C749-4937-A23B-76CED1C5BEF0}.Debug|Any CPU.ActiveCfg = Debug|Any CPU
		{6977A1AE-C749-4937-A23B-76CED1C5BEF0}.Debug|Any CPU.Build.0 = Debug|Any CPU
		{6977A1AE-C749-4937-A23B-76CED1C5BEF0}.Debug|x64.ActiveCfg = Debug|Any CPU
		{6977A1AE-C749-4937-A23B-76CED1C5BEF0}.Debug|x64.Build.0 = Debug|Any CPU
		{6977A1AE-C749-4937-A23B-76CED1C5BEF0}.Debug|x86.ActiveCfg = Debug|Any CPU
		{6977A1AE-C749-4937-A23B-76CED1C5BEF0}.Debug|x86.Build.0 = Debug|Any CPU
		{6977A1AE-C749-4937-A23B-76CED1C5BEF0}.Release|Any CPU.ActiveCfg = Release|Any CPU
		{6977A1AE-C749-4937-A23B-76CED1C5BEF0}.Release|Any CPU.Build.0 = Release|Any CPU
		{6977A1AE-C749-4937-A23B-76CED1C5BEF0}.Release|x64.ActiveCfg = Release|Any CPU
		{6977A1AE-C749-4937-A23B-76CED1C5BEF0}.Release|x64.Build.0 = Release|Any CPU
		{6977A1AE-C749-4937-A23B-76CED1C5BEF0}.Release|x86.ActiveCfg = Release|Any CPU
		{6977A1AE-C749-4937-A23B-76CED1C5BEF0}.Release|x86.Build.0 = Release|Any CPU
		{689E08D0-14D6-4B64-86EB-0BE37FDA0AB1}.Debug|Any CPU.ActiveCfg = Debug|Any CPU
		{689E08D0-14D6-4B64-86EB-0BE37FDA0AB1}.Debug|Any CPU.Build.0 = Debug|Any CPU
		{689E08D0-14D6-4B64-86EB-0BE37FDA0AB1}.Debug|x64.ActiveCfg = Debug|Any CPU
		{689E08D0-14D6-4B64-86EB-0BE37FDA0AB1}.Debug|x64.Build.0 = Debug|Any CPU
		{689E08D0-14D6-4B64-86EB-0BE37FDA0AB1}.Debug|x86.ActiveCfg = Debug|Any CPU
		{689E08D0-14D6-4B64-86EB-0BE37FDA0AB1}.Debug|x86.Build.0 = Debug|Any CPU
		{689E08D0-14D6-4B64-86EB-0BE37FDA0AB1}.Release|Any CPU.ActiveCfg = Release|Any CPU
		{689E08D0-14D6-4B64-86EB-0BE37FDA0AB1}.Release|Any CPU.Build.0 = Release|Any CPU
		{689E08D0-14D6-4B64-86EB-0BE37FDA0AB1}.Release|x64.ActiveCfg = Release|Any CPU
		{689E08D0-14D6-4B64-86EB-0BE37FDA0AB1}.Release|x64.Build.0 = Release|Any CPU
		{689E08D0-14D6-4B64-86EB-0BE37FDA0AB1}.Release|x86.ActiveCfg = Release|Any CPU
		{689E08D0-14D6-4B64-86EB-0BE37FDA0AB1}.Release|x86.Build.0 = Release|Any CPU
		{6DD4F2E8-6325-4A4B-903C-747BD8C66F1D}.Debug|Any CPU.ActiveCfg = Debug|Any CPU
		{6DD4F2E8-6325-4A4B-903C-747BD8C66F1D}.Debug|Any CPU.Build.0 = Debug|Any CPU
		{6DD4F2E8-6325-4A4B-903C-747BD8C66F1D}.Debug|x64.ActiveCfg = Debug|Any CPU
		{6DD4F2E8-6325-4A4B-903C-747BD8C66F1D}.Debug|x64.Build.0 = Debug|Any CPU
		{6DD4F2E8-6325-4A4B-903C-747BD8C66F1D}.Debug|x86.ActiveCfg = Debug|Any CPU
		{6DD4F2E8-6325-4A4B-903C-747BD8C66F1D}.Debug|x86.Build.0 = Debug|Any CPU
		{6DD4F2E8-6325-4A4B-903C-747BD8C66F1D}.Release|Any CPU.ActiveCfg = Release|Any CPU
		{6DD4F2E8-6325-4A4B-903C-747BD8C66F1D}.Release|Any CPU.Build.0 = Release|Any CPU
		{6DD4F2E8-6325-4A4B-903C-747BD8C66F1D}.Release|x64.ActiveCfg = Release|Any CPU
		{6DD4F2E8-6325-4A4B-903C-747BD8C66F1D}.Release|x64.Build.0 = Release|Any CPU
		{6DD4F2E8-6325-4A4B-903C-747BD8C66F1D}.Release|x86.ActiveCfg = Release|Any CPU
		{6DD4F2E8-6325-4A4B-903C-747BD8C66F1D}.Release|x86.Build.0 = Release|Any CPU
		{0D646BDB-B208-4AE3-B55A-4B5B0CFFAD4C}.Debug|Any CPU.ActiveCfg = Debug|Any CPU
		{0D646BDB-B208-4AE3-B55A-4B5B0CFFAD4C}.Debug|Any CPU.Build.0 = Debug|Any CPU
		{0D646BDB-B208-4AE3-B55A-4B5B0CFFAD4C}.Debug|x64.ActiveCfg = Debug|Any CPU
		{0D646BDB-B208-4AE3-B55A-4B5B0CFFAD4C}.Debug|x64.Build.0 = Debug|Any CPU
		{0D646BDB-B208-4AE3-B55A-4B5B0CFFAD4C}.Debug|x86.ActiveCfg = Debug|Any CPU
		{0D646BDB-B208-4AE3-B55A-4B5B0CFFAD4C}.Debug|x86.Build.0 = Debug|Any CPU
		{0D646BDB-B208-4AE3-B55A-4B5B0CFFAD4C}.Release|Any CPU.ActiveCfg = Release|Any CPU
		{0D646BDB-B208-4AE3-B55A-4B5B0CFFAD4C}.Release|Any CPU.Build.0 = Release|Any CPU
		{0D646BDB-B208-4AE3-B55A-4B5B0CFFAD4C}.Release|x64.ActiveCfg = Release|Any CPU
		{0D646BDB-B208-4AE3-B55A-4B5B0CFFAD4C}.Release|x64.Build.0 = Release|Any CPU
		{0D646BDB-B208-4AE3-B55A-4B5B0CFFAD4C}.Release|x86.ActiveCfg = Release|Any CPU
		{0D646BDB-B208-4AE3-B55A-4B5B0CFFAD4C}.Release|x86.Build.0 = Release|Any CPU
	EndGlobalSection
	GlobalSection(SolutionProperties) = preSolution
		HideSolutionNode = FALSE
	EndGlobalSection
EndGlobal
